
Microsoft Visual Studio Solution File, Format Version 12.00
# Visual Studio Version 17
VisualStudioVersion = 17.5.002.0
MinimumVisualStudioVersion = 10.0.40219.1
Project("{9A19103F-16F7-4668-BE54-9A1E7A4F7556}") = "Day5", "Day5.csproj", "{798D4C6D-5DF9-47CA-9703-8155BE7068AB}"
EndProject
Global
	GlobalSection(SolutionConfigurationPlatforms) = preSolution
		Debug|Any CPU = Debug|Any CPU
		Release|Any CPU = Release|Any CPU
	EndGlobalSection
	GlobalSection(ProjectConfigurationPlatforms) = postSolution
		{798D4C6D-5DF9-47CA-9703-8155BE7068AB}.Debug|Any CPU.ActiveCfg = Debug|Any CPU
		{798D4C6D-5DF9-47CA-9703-8155BE7068AB}.Debug|Any CPU.Build.0 = Debug|Any CPU
		{798D4C6D-5DF9-47CA-9703-8155BE7068AB}.Release|Any CPU.ActiveCfg = Release|Any CPU
		{798D4C6D-5DF9-47CA-9703-8155BE7068AB}.Release|Any CPU.Build.0 = Release|Any CPU
	EndGlobalSection
	GlobalSection(SolutionProperties) = preSolution
		HideSolutionNode = FALSE
	EndGlobalSection
	GlobalSection(ExtensibilityGlobals) = postSolution
		SolutionGuid = {78D85B4D-A620-4A6C-95A0-391681445A1F}
	EndGlobalSection
EndGlobal
